{
  "version": 4,
  "terraform_version": "1.13.0",
  "serial": 6,
  "lineage": "ea16f901-1505-c491-5394-7ae545fba608",
  "outputs": {
    "vpcid": {
      "value": "vpc-0df498b43f77a71f9",
      "type": "string"
    }
  },
  "resources": [
    {
      "mode": "managed",
      "type": "aws_vpc",
      "name": "myvpc",
      "provider": "provider[\"registry.terraform.io/hashicorp/aws\"]",
      "instances": [
        {
          "schema_version": 1,
          "attributes": {
            "arn": "arn:aws:ec2:ap-south-1:851725629934:vpc/vpc-0df498b43f77a71f9",
            "assign_generated_ipv6_cidr_block": false,
            "cidr_block": "10.0.0.0/16",
            "default_network_acl_id": "acl-0f30e4ae947ace7f5",
            "default_route_table_id": "rtb-02a8174796ed99b21",
            "default_security_group_id": "sg-03d4c244254eef744",
            "dhcp_options_id": "dopt-096f1952800e73baf",
            "enable_dns_hostnames": false,
            "enable_dns_support": true,
            "enable_network_address_usage_metrics": false,
            "id": "vpc-0df498b43f77a71f9",
            "instance_tenancy": "default",
            "ipv4_ipam_pool_id": null,
            "ipv4_netmask_length": null,
            "ipv6_association_id": "",
            "ipv6_cidr_block": "",
            "ipv6_cidr_block_network_border_group": "",
            "ipv6_ipam_pool_id": "",
            "ipv6_netmask_length": 0,
            "main_route_table_id": "rtb-02a8174796ed99b21",
            "owner_id": "851725629934",
            "region": "ap-south-1",
            "tags": {
              "Name": "myvpc"
            },
            "tags_all": {
              "Name": "myvpc"
            }
          },
          "sensitive_attributes": [],
          "identity_schema_version": 0,
          "private": "eyJzY2hlbWFfdmVyc2lvbiI6IjEifQ=="
        }
      ]
    }
  ],
  "check_results": null
}
